
Microsoft Visual Studio Solution File, Format Version 11.00
# Visual Studio 2010
Project("{FAE04EC0-301F-11D3-BF4B-00C04F79EFBC}") = "Wayloop.Highlight", "Wayloop.Highlight\Wayloop.Highlight.csproj", "{A78FD882-5894-4AA8-9BE5-D5E6F16E9A78}"
EndProject
Project("{FAE04EC0-301F-11D3-BF4B-00C04F79EFBC}") = "Wayloop.Highlight.Tests", "Wayloop.Highlight.Tests\Wayloop.Highlight.Tests.csproj", "{A34337ED-BA40-4F0F-8406-93D0FE4F257D}"
EndProject
Global
	GlobalSection(SolutionConfigurationPlatforms) = preSolution
		Debug|Any CPU = Debug|Any CPU
		Release|Any CPU = Release|Any CPU
	EndGlobalSection
	GlobalSection(ProjectConfigurationPlatforms) = postSolution
		{A78FD882-5894-4AA8-9BE5-D5E6F16E9A78}.Debug|Any CPU.ActiveCfg = Debug|Any CPU
		{A78FD882-5894-4AA8-9BE5-D5E6F16E9A78}.Debug|Any CPU.Build.0 = Debug|Any CPU
		{A78FD882-5894-4AA8-9BE5-D5E6F16E9A78}.Release|Any CPU.ActiveCfg = Release|Any CPU
		{A78FD882-5894-4AA8-9BE5-D5E6F16E9A78}.Release|Any CPU.Build.0 = Release|Any CPU
		{A34337ED-BA40-4F0F-8406-93D0FE4F257D}.Debug|Any CPU.ActiveCfg = Debug|Any CPU
		{A34337ED-BA40-4F0F-8406-93D0FE4F257D}.Debug|Any CPU.Build.0 = Debug|Any CPU
		{A34337ED-BA40-4F0F-8406-93D0FE4F257D}.Release|Any CPU.ActiveCfg = Release|Any CPU
		{A34337ED-BA40-4F0F-8406-93D0FE4F257D}.Release|Any CPU.Build.0 = Release|Any CPU
	EndGlobalSection
	GlobalSection(SolutionProperties) = preSolution
		HideSolutionNode = FALSE
	EndGlobalSection
EndGlobal
